
Microsoft Visual Studio Solution File, Format Version 12.00
# Visual Studio Version 16
VisualStudioVersion = 16.0.30523.141
MinimumVisualStudioVersion = 10.0.40219.1
Project("{8BC9CEB8-8B4A-11D0-8D11-00A0C91BC942}") = "BankAccount", "BankAccount\BankAccount.vcxproj", "{CE6E8723-E205-4462-8CC3-9418327DEC0F}"
EndProject
Global
	GlobalSection(SolutionConfigurationPlatforms) = preSolution
		Debug|x64 = Debug|x64
		Debug|x86 = Debug|x86
		Release|x64 = Release|x64
		Release|x86 = Release|x86
	EndGlobalSection
	GlobalSection(ProjectConfigurationPlatforms) = postSolution
		{CE6E8723-E205-4462-8CC3-9418327DEC0F}.Debug|x64.ActiveCfg = Debug|x64
		{CE6E8723-E205-4462-8CC3-9418327DEC0F}.Debug|x64.Build.0 = Debug|x64
		{CE6E8723-E205-4462-8CC3-9418327DEC0F}.Debug|x86.ActiveCfg = Debug|Win32
		{CE6E8723-E205-4462-8CC3-9418327DEC0F}.Debug|x86.Build.0 = Debug|Win32
		{CE6E8723-E205-4462-8CC3-9418327DEC0F}.Release|x64.ActiveCfg = Release|x64
		{CE6E8723-E205-4462-8CC3-9418327DEC0F}.Release|x64.Build.0 = Release|x64
		{CE6E8723-E205-4462-8CC3-9418327DEC0F}.Release|x86.ActiveCfg = Release|Win32
		{CE6E8723-E205-4462-8CC3-9418327DEC0F}.Release|x86.Build.0 = Release|Win32
	EndGlobalSection
	GlobalSection(SolutionProperties) = preSolution
		HideSolutionNode = FALSE
	EndGlobalSection
	GlobalSection(ExtensibilityGlobals) = postSolution
		SolutionGuid = {8ACF61A1-9507-42DD-A361-4562A56454E8}
	EndGlobalSection
EndGlobal
